
Microsoft Visual Studio Solution File, Format Version 12.00
# Visual Studio Version 16
VisualStudioVersion = 16.0.31402.337
MinimumVisualStudioVersion = 10.0.40219.1
Project("{9A19103F-16F7-4668-BE54-9A1E7A4F7556}") = "MovieAppMvc", "MovieAppMvc.csproj", "{DE88C7A8-BFFF-471C-AB75-8D6BFC243731}"
EndProject
Global
	GlobalSection(SolutionConfigurationPlatforms) = preSolution
		Debug|Any CPU = Debug|Any CPU
		Release|Any CPU = Release|Any CPU
	EndGlobalSection
	GlobalSection(ProjectConfigurationPlatforms) = postSolution
		{DE88C7A8-BFFF-471C-AB75-8D6BFC243731}.Debug|Any CPU.ActiveCfg = Debug|Any CPU
		{DE88C7A8-BFFF-471C-AB75-8D6BFC243731}.Debug|Any CPU.Build.0 = Debug|Any CPU
		{DE88C7A8-BFFF-471C-AB75-8D6BFC243731}.Release|Any CPU.ActiveCfg = Release|Any CPU
		{DE88C7A8-BFFF-471C-AB75-8D6BFC243731}.Release|Any CPU.Build.0 = Release|Any CPU
	EndGlobalSection
	GlobalSection(SolutionProperties) = preSolution
		HideSolutionNode = FALSE
	EndGlobalSection
	GlobalSection(ExtensibilityGlobals) = postSolution
		SolutionGuid = {C7A5DE0B-7E53-4144-942E-72B7C9CD2B06}
	EndGlobalSection
EndGlobal
